
Microsoft Visual Studio Solution File, Format Version 12.00
# Visual Studio Version 16
VisualStudioVersion = 16.0.30611.23
MinimumVisualStudioVersion = 10.0.40219.1
Project("{9A19103F-16F7-4668-BE54-9A1E7A4F7556}") = "NbaLigueForum", "NbaLigueForum\NbaLigueForum.csproj", "{D1143E75-FE0C-435A-A641-110D48A7991C}"
EndProject
Project("{9A19103F-16F7-4668-BE54-9A1E7A4F7556}") = "NbaLigueForum.Data", "NbaLigueForum.Data\NbaLigueForum.Data.csproj", "{0D40AAD0-0DE1-4486-A2BB-9E90D2D3D86C}"
EndProject
Project("{FAE04EC0-301F-11D3-BF4B-00C04F79EFBC}") = "NbaLigueForum.Service", "NbaLigueForum.Service\NbaLigueForum.Service.csproj", "{9E595EF8-45C8-4BAB-AABD-5E7E9BED635E}"
EndProject
Global
	GlobalSection(SolutionConfigurationPlatforms) = preSolution
		Debug|Any CPU = Debug|Any CPU
		Release|Any CPU = Release|Any CPU
	EndGlobalSection
	GlobalSection(ProjectConfigurationPlatforms) = postSolution
		{D1143E75-FE0C-435A-A641-110D48A7991C}.Debug|Any CPU.ActiveCfg = Debug|Any CPU
		{D1143E75-FE0C-435A-A641-110D48A7991C}.Debug|Any CPU.Build.0 = Debug|Any CPU
		{D1143E75-FE0C-435A-A641-110D48A7991C}.Release|Any CPU.ActiveCfg = Release|Any CPU
		{D1143E75-FE0C-435A-A641-110D48A7991C}.Release|Any CPU.Build.0 = Release|Any CPU
		{0D40AAD0-0DE1-4486-A2BB-9E90D2D3D86C}.Debug|Any CPU.ActiveCfg = Debug|Any CPU
		{0D40AAD0-0DE1-4486-A2BB-9E90D2D3D86C}.Debug|Any CPU.Build.0 = Debug|Any CPU
		{0D40AAD0-0DE1-4486-A2BB-9E90D2D3D86C}.Release|Any CPU.ActiveCfg = Release|Any CPU
		{0D40AAD0-0DE1-4486-A2BB-9E90D2D3D86C}.Release|Any CPU.Build.0 = Release|Any CPU
		{9E595EF8-45C8-4BAB-AABD-5E7E9BED635E}.Debug|Any CPU.ActiveCfg = Debug|Any CPU
		{9E595EF8-45C8-4BAB-AABD-5E7E9BED635E}.Debug|Any CPU.Build.0 = Debug|Any CPU
		{9E595EF8-45C8-4BAB-AABD-5E7E9BED635E}.Release|Any CPU.ActiveCfg = Release|Any CPU
		{9E595EF8-45C8-4BAB-AABD-5E7E9BED635E}.Release|Any CPU.Build.0 = Release|Any CPU
	EndGlobalSection
	GlobalSection(SolutionProperties) = preSolution
		HideSolutionNode = FALSE
	EndGlobalSection
	GlobalSection(ExtensibilityGlobals) = postSolution
		SolutionGuid = {61DA537C-82AE-4A5B-9F86-D9924CA69507}
	EndGlobalSection
EndGlobal
